
Microsoft Visual Studio Solution File, Format Version 12.00
# Visual Studio Version 16
VisualStudioVersion = 16.0.30907.101
MinimumVisualStudioVersion = 10.0.40219.1
Project("{8BC9CEB8-8B4A-11D0-8D11-00A0C91BC942}") = "offensiveph", "offensiveph\offensiveph.vcxproj", "{5B8A911A-DE96-4D68-A993-3190ADE068D9}"
EndProject
Project("{8BC9CEB8-8B4A-11D0-8D11-00A0C91BC942}") = "Hook2Kph", "Hook2Kph\Hook2Kph.vcxproj", "{1278C45F-0985-4E17-A4FD-E9E7812EDED8}"
EndProject
Global
	GlobalSection(SolutionConfigurationPlatforms) = preSolution
		Debug|x64 = Debug|x64
		Debug|x86 = Debug|x86
		Release|x64 = Release|x64
		Release|x86 = Release|x86
	EndGlobalSection
	GlobalSection(ProjectConfigurationPlatforms) = postSolution
		{5B8A911A-DE96-4D68-A993-3190ADE068D9}.Debug|x64.ActiveCfg = Debug|x64
		{5B8A911A-DE96-4D68-A993-3190ADE068D9}.Debug|x64.Build.0 = Debug|x64
		{5B8A911A-DE96-4D68-A993-3190ADE068D9}.Debug|x86.ActiveCfg = Debug|Win32
		{5B8A911A-DE96-4D68-A993-3190ADE068D9}.Debug|x86.Build.0 = Debug|Win32
		{5B8A911A-DE96-4D68-A993-3190ADE068D9}.Release|x64.ActiveCfg = Release|x64
		{5B8A911A-DE96-4D68-A993-3190ADE068D9}.Release|x64.Build.0 = Release|x64
		{5B8A911A-DE96-4D68-A993-3190ADE068D9}.Release|x86.ActiveCfg = Release|Win32
		{5B8A911A-DE96-4D68-A993-3190ADE068D9}.Release|x86.Build.0 = Release|Win32
		{1278C45F-0985-4E17-A4FD-E9E7812EDED8}.Debug|x64.ActiveCfg = Debug|x64
		{1278C45F-0985-4E17-A4FD-E9E7812EDED8}.Debug|x64.Build.0 = Debug|x64
		{1278C45F-0985-4E17-A4FD-E9E7812EDED8}.Debug|x86.ActiveCfg = Debug|Win32
		{1278C45F-0985-4E17-A4FD-E9E7812EDED8}.Debug|x86.Build.0 = Debug|Win32
		{1278C45F-0985-4E17-A4FD-E9E7812EDED8}.Release|x64.ActiveCfg = Release|x64
		{1278C45F-0985-4E17-A4FD-E9E7812EDED8}.Release|x64.Build.0 = Release|x64
		{1278C45F-0985-4E17-A4FD-E9E7812EDED8}.Release|x86.ActiveCfg = Release|Win32
		{1278C45F-0985-4E17-A4FD-E9E7812EDED8}.Release|x86.Build.0 = Release|Win32
	EndGlobalSection
	GlobalSection(SolutionProperties) = preSolution
		HideSolutionNode = FALSE
	EndGlobalSection
	GlobalSection(ExtensibilityGlobals) = postSolution
		SolutionGuid = {DE147500-7544-45DE-8DCA-215D09C69880}
	EndGlobalSection
EndGlobal
